
Microsoft Visual Studio Solution File, Format Version 12.00
# Visual Studio Version 16
VisualStudioVersion = 16.0.30717.126
MinimumVisualStudioVersion = 10.0.40219.1
Project("{9A19103F-16F7-4668-BE54-9A1E7A4F7556}") = "Funda.GUI", "src\Funda.GUI\Funda.GUI.csproj", "{73579F7C-E69C-4EEB-A2E2-4220FAC77061}"
EndProject
Project("{9A19103F-16F7-4668-BE54-9A1E7A4F7556}") = "Funda.Core", "src\Funda.Core\Funda.Core.csproj", "{E8084E8D-BBC9-4EFC-838D-98D2386DDCAA}"
EndProject
Project("{9A19103F-16F7-4668-BE54-9A1E7A4F7556}") = "Funda.Infra", "src\Funda.Infra\Funda.Infra.csproj", "{9189365F-7AC6-48A8-A5A8-7EC2FD988CCC}"
EndProject
Project("{9A19103F-16F7-4668-BE54-9A1E7A4F7556}") = "Funda.Application", "src\Funda.Application\Funda.Application.csproj", "{9047A082-CFDF-4702-821B-6DEC6949F881}"
EndProject
Project("{FAE04EC0-301F-11D3-BF4B-00C04F79EFBC}") = "Funda.Test", "test\Funda.Test\Funda.Test.csproj", "{E964E30D-02D9-41A6-9D35-EF6E09AB29EB}"
EndProject
Global
	GlobalSection(SolutionConfigurationPlatforms) = preSolution
		Debug|Any CPU = Debug|Any CPU
		Release|Any CPU = Release|Any CPU
	EndGlobalSection
	GlobalSection(ProjectConfigurationPlatforms) = postSolution
		{73579F7C-E69C-4EEB-A2E2-4220FAC77061}.Debug|Any CPU.ActiveCfg = Debug|Any CPU
		{73579F7C-E69C-4EEB-A2E2-4220FAC77061}.Debug|Any CPU.Build.0 = Debug|Any CPU
		{73579F7C-E69C-4EEB-A2E2-4220FAC77061}.Release|Any CPU.ActiveCfg = Release|Any CPU
		{73579F7C-E69C-4EEB-A2E2-4220FAC77061}.Release|Any CPU.Build.0 = Release|Any CPU
		{E8084E8D-BBC9-4EFC-838D-98D2386DDCAA}.Debug|Any CPU.ActiveCfg = Debug|Any CPU
		{E8084E8D-BBC9-4EFC-838D-98D2386DDCAA}.Debug|Any CPU.Build.0 = Debug|Any CPU
		{E8084E8D-BBC9-4EFC-838D-98D2386DDCAA}.Release|Any CPU.ActiveCfg = Release|Any CPU
		{E8084E8D-BBC9-4EFC-838D-98D2386DDCAA}.Release|Any CPU.Build.0 = Release|Any CPU
		{9189365F-7AC6-48A8-A5A8-7EC2FD988CCC}.Debug|Any CPU.ActiveCfg = Debug|Any CPU
		{9189365F-7AC6-48A8-A5A8-7EC2FD988CCC}.Debug|Any CPU.Build.0 = Debug|Any CPU
		{9189365F-7AC6-48A8-A5A8-7EC2FD988CCC}.Release|Any CPU.ActiveCfg = Release|Any CPU
		{9189365F-7AC6-48A8-A5A8-7EC2FD988CCC}.Release|Any CPU.Build.0 = Release|Any CPU
		{9047A082-CFDF-4702-821B-6DEC6949F881}.Debug|Any CPU.ActiveCfg = Debug|Any CPU
		{9047A082-CFDF-4702-821B-6DEC6949F881}.Debug|Any CPU.Build.0 = Debug|Any CPU
		{9047A082-CFDF-4702-821B-6DEC6949F881}.Release|Any CPU.ActiveCfg = Release|Any CPU
		{9047A082-CFDF-4702-821B-6DEC6949F881}.Release|Any CPU.Build.0 = Release|Any CPU
		{E964E30D-02D9-41A6-9D35-EF6E09AB29EB}.Debug|Any CPU.ActiveCfg = Debug|Any CPU
		{E964E30D-02D9-41A6-9D35-EF6E09AB29EB}.Debug|Any CPU.Build.0 = Debug|Any CPU
		{E964E30D-02D9-41A6-9D35-EF6E09AB29EB}.Release|Any CPU.ActiveCfg = Release|Any CPU
		{E964E30D-02D9-41A6-9D35-EF6E09AB29EB}.Release|Any CPU.Build.0 = Release|Any CPU
	EndGlobalSection
	GlobalSection(SolutionProperties) = preSolution
		HideSolutionNode = FALSE
	EndGlobalSection
	GlobalSection(ExtensibilityGlobals) = postSolution
		SolutionGuid = {1429446A-5A93-45FE-8961-216DA466B661}
	EndGlobalSection
EndGlobal
